
Microsoft Visual Studio Solution File, Format Version 12.00
# Visual Studio Version 17
VisualStudioVersion = 17.1.32328.378
MinimumVisualStudioVersion = 10.0.40219.1
Project("{FAE04EC0-301F-11D3-BF4B-00C04F79EFBC}") = "turingHard", "turingHard\turingHard.csproj", "{68BB3711-4CDC-4BEA-B9C1-85D220C92520}"
EndProject
Global
	GlobalSection(SolutionConfigurationPlatforms) = preSolution
		Debug|Any CPU = Debug|Any CPU
		Release|Any CPU = Release|Any CPU
	EndGlobalSection
	GlobalSection(ProjectConfigurationPlatforms) = postSolution
		{68BB3711-4CDC-4BEA-B9C1-85D220C92520}.Debug|Any CPU.ActiveCfg = Debug|Any CPU
		{68BB3711-4CDC-4BEA-B9C1-85D220C92520}.Debug|Any CPU.Build.0 = Debug|Any CPU
		{68BB3711-4CDC-4BEA-B9C1-85D220C92520}.Release|Any CPU.ActiveCfg = Release|Any CPU
		{68BB3711-4CDC-4BEA-B9C1-85D220C92520}.Release|Any CPU.Build.0 = Release|Any CPU
	EndGlobalSection
	GlobalSection(SolutionProperties) = preSolution
		HideSolutionNode = FALSE
	EndGlobalSection
	GlobalSection(ExtensibilityGlobals) = postSolution
		SolutionGuid = {B8A00737-99AE-44AA-B0AC-379A23F8401C}
	EndGlobalSection
EndGlobal
